
Microsoft Visual Studio Solution File, Format Version 12.00
# Visual Studio Version 16
VisualStudioVersion = 16.0.30413.136
MinimumVisualStudioVersion = 10.0.40219.1
Project("{FAE04EC0-301F-11D3-BF4B-00C04F79EFBC}") = "mem.Android", "mem\mem.Android\mem.Android.csproj", "{3FF955C6-AC0A-4780-BB86-4AA6E9DCAF6A}"
EndProject
Project("{FAE04EC0-301F-11D3-BF4B-00C04F79EFBC}") = "mem.iOS", "mem\mem.iOS\mem.iOS.csproj", "{D564D304-BF5C-4126-9A97-0D9218B87193}"
EndProject
Project("{FAE04EC0-301F-11D3-BF4B-00C04F79EFBC}") = "mem", "mem\mem\mem.csproj", "{61C4B872-D13C-4471-ACDB-28FE535C05EB}"
EndProject
Global
	GlobalSection(SolutionConfigurationPlatforms) = preSolution
		Debug|Any CPU = Debug|Any CPU
		Debug|iPhone = Debug|iPhone
		Debug|iPhoneSimulator = Debug|iPhoneSimulator
		Release|Any CPU = Release|Any CPU
		Release|iPhone = Release|iPhone
		Release|iPhoneSimulator = Release|iPhoneSimulator
	EndGlobalSection
	GlobalSection(ProjectConfigurationPlatforms) = postSolution
		{3FF955C6-AC0A-4780-BB86-4AA6E9DCAF6A}.Debug|Any CPU.ActiveCfg = Debug|Any CPU
		{3FF955C6-AC0A-4780-BB86-4AA6E9DCAF6A}.Debug|Any CPU.Build.0 = Debug|Any CPU
		{3FF955C6-AC0A-4780-BB86-4AA6E9DCAF6A}.Debug|Any CPU.Deploy.0 = Debug|Any CPU
		{3FF955C6-AC0A-4780-BB86-4AA6E9DCAF6A}.Debug|iPhone.ActiveCfg = Debug|Any CPU
		{3FF955C6-AC0A-4780-BB86-4AA6E9DCAF6A}.Debug|iPhone.Build.0 = Debug|Any CPU
		{3FF955C6-AC0A-4780-BB86-4AA6E9DCAF6A}.Debug|iPhone.Deploy.0 = Debug|Any CPU
		{3FF955C6-AC0A-4780-BB86-4AA6E9DCAF6A}.Debug|iPhoneSimulator.ActiveCfg = Debug|Any CPU
		{3FF955C6-AC0A-4780-BB86-4AA6E9DCAF6A}.Debug|iPhoneSimulator.Build.0 = Debug|Any CPU
		{3FF955C6-AC0A-4780-BB86-4AA6E9DCAF6A}.Debug|iPhoneSimulator.Deploy.0 = Debug|Any CPU
		{3FF955C6-AC0A-4780-BB86-4AA6E9DCAF6A}.Release|Any CPU.ActiveCfg = Release|Any CPU
		{3FF955C6-AC0A-4780-BB86-4AA6E9DCAF6A}.Release|Any CPU.Build.0 = Release|Any CPU
		{3FF955C6-AC0A-4780-BB86-4AA6E9DCAF6A}.Release|Any CPU.Deploy.0 = Release|Any CPU
		{3FF955C6-AC0A-4780-BB86-4AA6E9DCAF6A}.Release|iPhone.ActiveCfg = Release|Any CPU
		{3FF955C6-AC0A-4780-BB86-4AA6E9DCAF6A}.Release|iPhone.Build.0 = Release|Any CPU
		{3FF955C6-AC0A-4780-BB86-4AA6E9DCAF6A}.Release|iPhone.Deploy.0 = Release|Any CPU
		{3FF955C6-AC0A-4780-BB86-4AA6E9DCAF6A}.Release|iPhoneSimulator.ActiveCfg = Release|Any CPU
		{3FF955C6-AC0A-4780-BB86-4AA6E9DCAF6A}.Release|iPhoneSimulator.Build.0 = Release|Any CPU
		{3FF955C6-AC0A-4780-BB86-4AA6E9DCAF6A}.Release|iPhoneSimulator.Deploy.0 = Release|Any CPU
		{D564D304-BF5C-4126-9A97-0D9218B87193}.Debug|Any CPU.ActiveCfg = Debug|iPhone
		{D564D304-BF5C-4126-9A97-0D9218B87193}.Debug|Any CPU.Build.0 = Debug|iPhone
		{D564D304-BF5C-4126-9A97-0D9218B87193}.Debug|Any CPU.Deploy.0 = Debug|iPhone
		{D564D304-BF5C-4126-9A97-0D9218B87193}.Debug|iPhone.ActiveCfg = Debug|iPhone
		{D564D304-BF5C-4126-9A97-0D9218B87193}.Debug|iPhone.Build.0 = Debug|iPhone
		{D564D304-BF5C-4126-9A97-0D9218B87193}.Debug|iPhone.Deploy.0 = Debug|iPhone
		{D564D304-BF5C-4126-9A97-0D9218B87193}.Debug|iPhoneSimulator.ActiveCfg = Debug|iPhoneSimulator
		{D564D304-BF5C-4126-9A97-0D9218B87193}.Debug|iPhoneSimulator.Build.0 = Debug|iPhoneSimulator
		{D564D304-BF5C-4126-9A97-0D9218B87193}.Debug|iPhoneSimulator.Deploy.0 = Debug|iPhoneSimulator
		{D564D304-BF5C-4126-9A97-0D9218B87193}.Release|Any CPU.ActiveCfg = Release|iPhone
		{D564D304-BF5C-4126-9A97-0D9218B87193}.Release|Any CPU.Build.0 = Release|iPhone
		{D564D304-BF5C-4126-9A97-0D9218B87193}.Release|Any CPU.Deploy.0 = Release|iPhone
		{D564D304-BF5C-4126-9A97-0D9218B87193}.Release|iPhone.ActiveCfg = Release|iPhone
		{D564D304-BF5C-4126-9A97-0D9218B87193}.Release|iPhone.Build.0 = Release|iPhone
		{D564D304-BF5C-4126-9A97-0D9218B87193}.Release|iPhone.Deploy.0 = Release|iPhone
		{D564D304-BF5C-4126-9A97-0D9218B87193}.Release|iPhoneSimulator.ActiveCfg = Release|iPhoneSimulator
		{D564D304-BF5C-4126-9A97-0D9218B87193}.Release|iPhoneSimulator.Build.0 = Release|iPhoneSimulator
		{D564D304-BF5C-4126-9A97-0D9218B87193}.Release|iPhoneSimulator.Deploy.0 = Release|iPhoneSimulator
		{61C4B872-D13C-4471-ACDB-28FE535C05EB}.Debug|Any CPU.ActiveCfg = Debug|Any CPU
		{61C4B872-D13C-4471-ACDB-28FE535C05EB}.Debug|Any CPU.Build.0 = Debug|Any CPU
		{61C4B872-D13C-4471-ACDB-28FE535C05EB}.Debug|Any CPU.Deploy.0 = Debug|Any CPU
		{61C4B872-D13C-4471-ACDB-28FE535C05EB}.Debug|iPhone.ActiveCfg = Debug|Any CPU
		{61C4B872-D13C-4471-ACDB-28FE535C05EB}.Debug|iPhone.Build.0 = Debug|Any CPU
		{61C4B872-D13C-4471-ACDB-28FE535C05EB}.Debug|iPhone.Deploy.0 = Debug|Any CPU
		{61C4B872-D13C-4471-ACDB-28FE535C05EB}.Debug|iPhoneSimulator.ActiveCfg = Debug|Any CPU
		{61C4B872-D13C-4471-ACDB-28FE535C05EB}.Debug|iPhoneSimulator.Build.0 = Debug|Any CPU
		{61C4B872-D13C-4471-ACDB-28FE535C05EB}.Debug|iPhoneSimulator.Deploy.0 = Debug|Any CPU
		{61C4B872-D13C-4471-ACDB-28FE535C05EB}.Release|Any CPU.ActiveCfg = Release|Any CPU
		{61C4B872-D13C-4471-ACDB-28FE535C05EB}.Release|Any CPU.Build.0 = Release|Any CPU
		{61C4B872-D13C-4471-ACDB-28FE535C05EB}.Release|Any CPU.Deploy.0 = Release|Any CPU
		{61C4B872-D13C-4471-ACDB-28FE535C05EB}.Release|iPhone.ActiveCfg = Release|Any CPU
		{61C4B872-D13C-4471-ACDB-28FE535C05EB}.Release|iPhone.Build.0 = Release|Any CPU
		{61C4B872-D13C-4471-ACDB-28FE535C05EB}.Release|iPhone.Deploy.0 = Release|Any CPU
		{61C4B872-D13C-4471-ACDB-28FE535C05EB}.Release|iPhoneSimulator.ActiveCfg = Release|Any CPU
		{61C4B872-D13C-4471-ACDB-28FE535C05EB}.Release|iPhoneSimulator.Build.0 = Release|Any CPU
		{61C4B872-D13C-4471-ACDB-28FE535C05EB}.Release|iPhoneSimulator.Deploy.0 = Release|Any CPU
	EndGlobalSection
	GlobalSection(SolutionProperties) = preSolution
		HideSolutionNode = FALSE
	EndGlobalSection
	GlobalSection(ExtensibilityGlobals) = postSolution
		SolutionGuid = {FEAEA612-3F3F-4094-924C-D7FA4FCA1887}
	EndGlobalSection
EndGlobal
